
Microsoft Visual Studio Solution File, Format Version 12.00
# Visual Studio Version 16
VisualStudioVersion = 16.0.30907.101
MinimumVisualStudioVersion = 10.0.40219.1
Project("{9A19103F-16F7-4668-BE54-9A1E7A4F7556}") = "KrystalWebsite", "KrystalWebsite\KrystalWebsite.csproj", "{CAB63564-DBAB-4CE0-B99A-9DAD2E4012AC}"
EndProject
Global
	GlobalSection(SolutionConfigurationPlatforms) = preSolution
		Debug|Any CPU = Debug|Any CPU
		Release|Any CPU = Release|Any CPU
	EndGlobalSection
	GlobalSection(ProjectConfigurationPlatforms) = postSolution
		{CAB63564-DBAB-4CE0-B99A-9DAD2E4012AC}.Debug|Any CPU.ActiveCfg = Debug|Any CPU
		{CAB63564-DBAB-4CE0-B99A-9DAD2E4012AC}.Debug|Any CPU.Build.0 = Debug|Any CPU
		{CAB63564-DBAB-4CE0-B99A-9DAD2E4012AC}.Release|Any CPU.ActiveCfg = Release|Any CPU
		{CAB63564-DBAB-4CE0-B99A-9DAD2E4012AC}.Release|Any CPU.Build.0 = Release|Any CPU
	EndGlobalSection
	GlobalSection(SolutionProperties) = preSolution
		HideSolutionNode = FALSE
	EndGlobalSection
	GlobalSection(ExtensibilityGlobals) = postSolution
		SolutionGuid = {F6D0FE3E-441F-4378-9600-562C2854FD27}
	EndGlobalSection
EndGlobal
